Microsoft Visual Studio Solution File, Format Version 12.00
# Visual Studio 2012
Project("{FAE04EC0-301F-11D3-BF4B-00C04F79EFBC}") = "Lost Island", "Lost Island.csproj", "{B862551B-48D2-4FF7-92C0-8616AF721A35}"
EndProject
Global
	GlobalSection(SolutionConfigurationPlatforms) = preSolution
	Debug|Any CPU = Debug|Any CPU
	ExportDebug|Any CPU = ExportDebug|Any CPU
	ExportRelease|Any CPU = ExportRelease|Any CPU
	EndGlobalSection
	GlobalSection(ProjectConfigurationPlatforms) = postSolution
		{B862551B-48D2-4FF7-92C0-8616AF721A35}.Debug|Any CPU.ActiveCfg = Debug|Any CPU
		{B862551B-48D2-4FF7-92C0-8616AF721A35}.Debug|Any CPU.Build.0 = Debug|Any CPU
		{B862551B-48D2-4FF7-92C0-8616AF721A35}.ExportDebug|Any CPU.ActiveCfg = ExportDebug|Any CPU
		{B862551B-48D2-4FF7-92C0-8616AF721A35}.ExportDebug|Any CPU.Build.0 = ExportDebug|Any CPU
		{B862551B-48D2-4FF7-92C0-8616AF721A35}.ExportRelease|Any CPU.ActiveCfg = ExportRelease|Any CPU
		{B862551B-48D2-4FF7-92C0-8616AF721A35}.ExportRelease|Any CPU.Build.0 = ExportRelease|Any CPU
	EndGlobalSection
EndGlobal
